
Microsoft Visual Studio Solution File, Format Version 12.00
# Visual Studio Version 17
VisualStudioVersion = 17.13.35919.96 d17.13
MinimumVisualStudioVersion = 10.0.40219.1
Project("{FAE04EC0-301F-11D3-BF4B-00C04F79EFBC}") = "ClubeLeitura.ConsoleApp", "ClubeLeitura.ConsoleApp\ClubeLeitura.ConsoleApp.csproj", "{269DF778-19AC-43BF-AFB7-01F39515276C}"
EndProject
Global
	GlobalSection(SolutionConfigurationPlatforms) = preSolution
		Debug|Any CPU = Debug|Any CPU
		Release|Any CPU = Release|Any CPU
	EndGlobalSection
	GlobalSection(ProjectConfigurationPlatforms) = postSolution
		{269DF778-19AC-43BF-AFB7-01F39515276C}.Debug|Any CPU.ActiveCfg = Debug|Any CPU
		{269DF778-19AC-43BF-AFB7-01F39515276C}.Debug|Any CPU.Build.0 = Debug|Any CPU
		{269DF778-19AC-43BF-AFB7-01F39515276C}.Release|Any CPU.ActiveCfg = Release|Any CPU
		{269DF778-19AC-43BF-AFB7-01F39515276C}.Release|Any CPU.Build.0 = Release|Any CPU
	EndGlobalSection
	GlobalSection(SolutionProperties) = preSolution
		HideSolutionNode = FALSE
	EndGlobalSection
	GlobalSection(ExtensibilityGlobals) = postSolution
		SolutionGuid = {89BACB61-1254-4908-8F44-9E2B3B7FD919}
	EndGlobalSection
EndGlobal
